// !$*UTF8*$!
{
	archiveVersion = 1;
	classes = {
	};
	objectVersion = 50;
	objects = {

/* Begin PBXBuildFile section */
		4552CFA62A236466005B8F3F /* OrderModel.swift in Sources */ = {isa = PBXBuildFile; fileRef = 4552CFA12A236466005B8F3F /* OrderModel.swift */; };
		4552CFA72A236466005B8F3F /* StoreModel.swift in Sources */ = {isa = PBXBuildFile; fileRef = 4552CFA22A236466005B8F3F /* StoreModel.swift */; };
		4552CFA82A236466005B8F3F /* AccountModel.swift in Sources */ = {isa = PBXBuildFile; fileRef = 4552CFA32A236466005B8F3F /* AccountModel.swift */; };
		4552CFA92A236466005B8F3F /* SearchModel.swift in Sources */ = {isa = PBXBuildFile; fileRef = 4552CFA42A236466005B8F3F /* SearchModel.swift */; };
		4552CFAA2A236466005B8F3F /* FavoriteSmoothiesModel.swift in Sources */ = {isa = PBXBuildFile; fileRef = 4552CFA52A236466005B8F3F /* FavoriteSmoothiesModel.swift */; };
		4552CFEC2A236853005B8F3F /* FrutaApp.swift in Sources */ = {isa = PBXBuildFile; fileRef = 4552CFAC2A236853005B8F3F /* FrutaApp.swift */; };
		4552CFED2A236853005B8F3F /* SmoothieRow.swift in Sources */ = {isa = PBXBuildFile; fileRef = 4552CFAE2A236853005B8F3F /* SmoothieRow.swift */; };
		4552CFEE2A236853005B8F3F /* SmoothieView.swift in Sources */ = {isa = PBXBuildFile; fileRef = 4552CFAF2A236853005B8F3F /* SmoothieView.swift */; };
		4552CFEF2A236853005B8F3F /* SmoothieList.swift in Sources */ = {isa = PBXBuildFile; fileRef = 4552CFB02A236853005B8F3F /* SmoothieList.swift */; };
		4552CFF02A236853005B8F3F /* SmoothieFavoriteButton.swift in Sources */ = {isa = PBXBuildFile; fileRef = 4552CFB22A236853005B8F3F /* SmoothieFavoriteButton.swift */; };
		4552CFF12A236853005B8F3F /* SmoothieHeaderView.swift in Sources */ = {isa = PBXBuildFile; fileRef = 4552CFB32A236853005B8F3F /* SmoothieHeaderView.swift */; };
		4552CFF22A236853005B8F3F /* SmoothieCommands.swift in Sources */ = {isa = PBXBuildFile; fileRef = 4552CFB42A236853005B8F3F /* SmoothieCommands.swift */; };
		4552CFF32A236853005B8F3F /* RedeemSmoothieButton.swift in Sources */ = {isa = PBXBuildFile; fileRef = 4552CFB52A236853005B8F3F /* RedeemSmoothieButton.swift */; };
		4552CFF42A236853005B8F3F /* Smoothie+SwiftUI.swift in Sources */ = {isa = PBXBuildFile; fileRef = 4552CFB62A236853005B8F3F /* Smoothie+SwiftUI.swift */; };
		4552CFF52A236853005B8F3F /* Ingredient+SwiftUI.swift in Sources */ = {isa = PBXBuildFile; fileRef = 4552CFB82A236853005B8F3F /* Ingredient+SwiftUI.swift */; };
		4552CFF62A236853005B8F3F /* Ingredient+NutritionFacts.swift in Sources */ = {isa = PBXBuildFile; fileRef = 4552CFB92A236853005B8F3F /* Ingredient+NutritionFacts.swift */; };
		4552CFF72A236853005B8F3F /* NutritionFactView.swift in Sources */ = {isa = PBXBuildFile; fileRef = 4552CFBB2A236853005B8F3F /* NutritionFactView.swift */; };
		4552CFF82A236853005B8F3F /* NutritionFact+Decodable.swift in Sources */ = {isa = PBXBuildFile; fileRef = 4552CFBC2A236853005B8F3F /* NutritionFact+Decodable.swift */; };
		4552CFF92A236853005B8F3F /* NutritionRow.swift in Sources */ = {isa = PBXBuildFile; fileRef = 4552CFBD2A236853005B8F3F /* NutritionRow.swift */; };
		4552CFFA2A236853005B8F3F /* NutritionalItems.json in Resources */ = {isa = PBXBuildFile; fileRef = 4552CFBF2A236853005B8F3F /* NutritionalItems.json */; };
		4552CFFB2A236853005B8F3F /* NutritionFactsAssets.xcassets in Resources */ = {isa = PBXBuildFile; fileRef = 4552CFC02A236853005B8F3F /* NutritionFactsAssets.xcassets */; };
		4552CFFC2A236853005B8F3F /* NutritionFact+Energy.swift in Sources */ = {isa = PBXBuildFile; fileRef = 4552CFC12A236853005B8F3F /* NutritionFact+Energy.swift */; };
		4552CFFD2A236853005B8F3F /* Nutritions.swift in Sources */ = {isa = PBXBuildFile; fileRef = 4552CFC22A236853005B8F3F /* Nutritions.swift */; };
		4552CFFE2A236853005B8F3F /* NutritionFact.swift in Sources */ = {isa = PBXBuildFile; fileRef = 4552CFC32A236853005B8F3F /* NutritionFact.swift */; };
		4552CFFF2A236853005B8F3F /* UnitIcons.swift in Sources */ = {isa = PBXBuildFile; fileRef = 4552CFC42A236853005B8F3F /* UnitIcons.swift */; };
		4552D0002A236853005B8F3F /* DisplayableMeasurement.swift in Sources */ = {isa = PBXBuildFile; fileRef = 4552CFC52A236853005B8F3F /* DisplayableMeasurement.swift */; };
		4552D0012A236853005B8F3F /* IngredientCard.swift in Sources */ = {isa = PBXBuildFile; fileRef = 4552CFC62A236853005B8F3F /* IngredientCard.swift */; };
		4552D0022A236853005B8F3F /* IngredientGraphic.swift in Sources */ = {isa = PBXBuildFile; fileRef = 4552CFC72A236853005B8F3F /* IngredientGraphic.swift */; };
		4552D0032A236853005B8F3F /* OrderPlacedView.swift in Sources */ = {isa = PBXBuildFile; fileRef = 4552CFC92A236853005B8F3F /* OrderPlacedView.swift */; };
		4552D0042A236853005B8F3F /* OrderPlacedViewModel.swift in Sources */ = {isa = PBXBuildFile; fileRef = 4552CFCA2A236853005B8F3F /* OrderPlacedViewModel.swift */; };
		4552D0052A236853005B8F3F /* PaymentButton.swift in Sources */ = {isa = PBXBuildFile; fileRef = 4552CFCB2A236853005B8F3F /* PaymentButton.swift */; };
		4552D0062A236853005B8F3F /* SmoothieListViewModel.swift in Sources */ = {isa = PBXBuildFile; fileRef = 4552CFCC2A236853005B8F3F /* SmoothieListViewModel.swift */; };
		4552D0072A236853005B8F3F /* FavoriteSmoothies.swift in Sources */ = {isa = PBXBuildFile; fileRef = 4552CFCE2A236853005B8F3F /* FavoriteSmoothies.swift */; };
		4552D0082A236853005B8F3F /* RewardsCard.swift in Sources */ = {isa = PBXBuildFile; fileRef = 4552CFD02A236853005B8F3F /* RewardsCard.swift */; };
		4552D0092A236853005B8F3F /* RewardsViewModel.swift in Sources */ = {isa = PBXBuildFile; fileRef = 4552CFD12A236853005B8F3F /* RewardsViewModel.swift */; };
		4552D00A2A236853005B8F3F /* RewardsView.swift in Sources */ = {isa = PBXBuildFile; fileRef = 4552CFD22A236853005B8F3F /* RewardsView.swift */; };
		4552D00B2A236853005B8F3F /* AppSidebarNavigation.swift in Sources */ = {isa = PBXBuildFile; fileRef = 4552CFD42A236853005B8F3F /* AppSidebarNavigation.swift */; };
		4552D00C2A236853005B8F3F /* ContentView.swift in Sources */ = {isa = PBXBuildFile; fileRef = 4552CFD52A236853005B8F3F /* ContentView.swift */; };
		4552D00D2A236853005B8F3F /* CircleToggleStyle.swift in Sources */ = {isa = PBXBuildFile; fileRef = 4552CFD72A236853005B8F3F /* CircleToggleStyle.swift */; };
		4552D00E2A236853005B8F3F /* Animations.swift in Sources */ = {isa = PBXBuildFile; fileRef = 4552CFD82A236853005B8F3F /* Animations.swift */; };
		4552D00F2A236853005B8F3F /* SquishableButtonStyle.swift in Sources */ = {isa = PBXBuildFile; fileRef = 4552CFD92A236853005B8F3F /* SquishableButtonStyle.swift */; };
		4552D0102A236853005B8F3F /* CapsuleButtonStyle.swift in Sources */ = {isa = PBXBuildFile; fileRef = 4552CFDA2A236853005B8F3F /* CapsuleButtonStyle.swift */; };
		4552D0112A236853005B8F3F /* PurchaseButtonStyle.swift in Sources */ = {isa = PBXBuildFile; fileRef = 4552CFDB2A236853005B8F3F /* PurchaseButtonStyle.swift */; };
		4552D0122A236853005B8F3F /* BubbleBackground.swift in Sources */ = {isa = PBXBuildFile; fileRef = 4552CFDD2A236853005B8F3F /* BubbleBackground.swift */; };
		4552D0132A236853005B8F3F /* StepperView.swift in Sources */ = {isa = PBXBuildFile; fileRef = 4552CFDE2A236853005B8F3F /* StepperView.swift */; };
		4552D0142A236853005B8F3F /* FlipView.swift in Sources */ = {isa = PBXBuildFile; fileRef = 4552CFDF2A236853005B8F3F /* FlipView.swift */; };
		4552D0152A236853005B8F3F /* BubbleView.swift in Sources */ = {isa = PBXBuildFile; fileRef = 4552CFE02A236853005B8F3F /* BubbleView.swift */; };
		4552D0162A236853005B8F3F /* CountButton.swift in Sources */ = {isa = PBXBuildFile; fileRef = 4552CFE12A236853005B8F3F /* CountButton.swift */; };
		4552D0172A236853005B8F3F /* CardActionButton.swift in Sources */ = {isa = PBXBuildFile; fileRef = 4552CFE22A236853005B8F3F /* CardActionButton.swift */; };
		4552D0182A236853005B8F3F /* AnimatableFontModifier.swift in Sources */ = {isa = PBXBuildFile; fileRef = 4552CFE32A236853005B8F3F /* AnimatableFontModifier.swift */; };
		4552D01A2A236853005B8F3F /* RecipeUnlockButton.swift in Sources */ = {isa = PBXBuildFile; fileRef = 4552CFE62A236853005B8F3F /* RecipeUnlockButton.swift */; };
		4552D01B2A236853005B8F3F /* RecipeView.swift in Sources */ = {isa = PBXBuildFile; fileRef = 4552CFE72A236853005B8F3F /* RecipeView.swift */; };
		4552D01D2A236853005B8F3F /* RecipeList.swift in Sources */ = {isa = PBXBuildFile; fileRef = 4552CFE92A236853005B8F3F /* RecipeList.swift */; };
		4552D01E2A236853005B8F3F /* SmoothieMenu.swift in Sources */ = {isa = PBXBuildFile; fileRef = 4552CFEB2A236853005B8F3F /* SmoothieMenu.swift */; };
		4552D0212A236A52005B8F3F /* MeasurementView.swift in Sources */ = {isa = PBXBuildFile; fileRef = 4552D01F2A236A52005B8F3F /* MeasurementView.swift */; };
		4552D0222A236A52005B8F3F /* MeasuredIngredient.swift in Sources */ = {isa = PBXBuildFile; fileRef = 4552D0202A236A52005B8F3F /* MeasuredIngredient.swift */; };
		4552D0262A236B03005B8F3F /* Smoothie.swift in Sources */ = {isa = PBXBuildFile; fileRef = 4552D0242A236B03005B8F3F /* Smoothie.swift */; };
		4552D0272A236B03005B8F3F /* Ingredient.swift in Sources */ = {isa = PBXBuildFile; fileRef = 4552D0252A236B03005B8F3F /* Ingredient.swift */; };
		4552D0322A236FAD005B8F3F /* FavoriteSmoothiesModelConfigurable.swift in Sources */ = {isa = PBXBuildFile; fileRef = 4552D0292A236FAD005B8F3F /* FavoriteSmoothiesModelConfigurable.swift */; };
		4552D0332A236FAD005B8F3F /* OrderModelConfigurable.swift in Sources */ = {isa = PBXBuildFile; fileRef = 4552D02A2A236FAD005B8F3F /* OrderModelConfigurable.swift */; };
		4552D0342A236FAD005B8F3F /* StoreModelConfigurable.swift in Sources */ = {isa = PBXBuildFile; fileRef = 4552D02B2A236FAD005B8F3F /* StoreModelConfigurable.swift */; };
		4552D0352A236FAD005B8F3F /* ConfigurationManager.swift in Sources */ = {isa = PBXBuildFile; fileRef = 4552D02C2A236FAD005B8F3F /* ConfigurationManager.swift */; };
		4552D0362A236FAD005B8F3F /* CommonConfig.swift in Sources */ = {isa = PBXBuildFile; fileRef = 4552D02E2A236FAD005B8F3F /* CommonConfig.swift */; };
		4552D0372A236FAD005B8F3F /* StoreConfig.swift in Sources */ = {isa = PBXBuildFile; fileRef = 4552D02F2A236FAD005B8F3F /* StoreConfig.swift */; };
		4552D0382A236FAD005B8F3F /* AccountConfig.swift in Sources */ = {isa = PBXBuildFile; fileRef = 4552D0302A236FAD005B8F3F /* AccountConfig.swift */; };
		4552D0392A236FAD005B8F3F /* AccountModelConfigurable.swift in Sources */ = {isa = PBXBuildFile; fileRef = 4552D0312A236FAD005B8F3F /* AccountModelConfigurable.swift */; };
		4552D0412A2374C2005B8F3F /* FrutaScreenshotsTests.swift in Sources */ = {isa = PBXBuildFile; fileRef = 4552D0402A2374C2005B8F3F /* FrutaScreenshotsTests.swift */; };
		4552D05B2A2376C3005B8F3F /* XCUIElement+Utils.swift in Sources */ = {isa = PBXBuildFile; fileRef = 4552D04B2A2376C3005B8F3F /* XCUIElement+Utils.swift */; };
		4552D05C2A2376C3005B8F3F /* XCTestCase+Screenshot.swift in Sources */ = {isa = PBXBuildFile; fileRef = 4552D04C2A2376C3005B8F3F /* XCTestCase+Screenshot.swift */; };
		4552D05D2A2376C3005B8F3F /* FavoritesNavigation.swift in Sources */ = {isa = PBXBuildFile; fileRef = 4552D04E2A2376C3005B8F3F /* FavoritesNavigation.swift */; };
		4552D05E2A2376C3005B8F3F /* CommonNavigation.swift in Sources */ = {isa = PBXBuildFile; fileRef = 4552D04F2A2376C3005B8F3F /* CommonNavigation.swift */; };
		4552D05F2A2376C3005B8F3F /* MenuNavigation.swift in Sources */ = {isa = PBXBuildFile; fileRef = 4552D0502A2376C3005B8F3F /* MenuNavigation.swift */; };
		4552D0602A2376C3005B8F3F /* TabBarNavigation.swift in Sources */ = {isa = PBXBuildFile; fileRef = 4552D0512A2376C3005B8F3F /* TabBarNavigation.swift */; };
		4552D0612A2376C3005B8F3F /* UINavigation.swift in Sources */ = {isa = PBXBuildFile; fileRef = 4552D0522A2376C3005B8F3F /* UINavigation.swift */; };
		4552D0622A2376C3005B8F3F /* RecipesNavigation.swift in Sources */ = {isa = PBXBuildFile; fileRef = 4552D0532A2376C3005B8F3F /* RecipesNavigation.swift */; };
		4552D0632A2376C3005B8F3F /* RewardsNavigation.swift in Sources */ = {isa = PBXBuildFile; fileRef = 4552D0542A2376C3005B8F3F /* RewardsNavigation.swift */; };
		4552D0642A2376C3005B8F3F /* CommonAction.swift in Sources */ = {isa = PBXBuildFile; fileRef = 4552D0562A2376C3005B8F3F /* CommonAction.swift */; };
		4552D0652A2376C3005B8F3F /* RecipeAction.swift in Sources */ = {isa = PBXBuildFile; fileRef = 4552D0572A2376C3005B8F3F /* RecipeAction.swift */; };
		4552D0662A2376C3005B8F3F /* UIAction.swift in Sources */ = {isa = PBXBuildFile; fileRef = 4552D0582A2376C3005B8F3F /* UIAction.swift */; };
		4552D0672A2376C3005B8F3F /* OrderAction.swift in Sources */ = {isa = PBXBuildFile; fileRef = 4552D0592A2376C3005B8F3F /* OrderAction.swift */; };
		4552D0682A2376C3005B8F3F /* TestedApp.swift in Sources */ = {isa = PBXBuildFile; fileRef = 4552D05A2A2376C3005B8F3F /* TestedApp.swift */; };
		4552D0692A23783B005B8F3F /* ConfigurationManager.swift in Sources */ = {isa = PBXBuildFile; fileRef = 4552D02C2A236FAD005B8F3F /* ConfigurationManager.swift */; };
		4552D06A2A237845005B8F3F /* AccountConfig.swift in Sources */ = {isa = PBXBuildFile; fileRef = 4552D0302A236FAD005B8F3F /* AccountConfig.swift */; };
		4552D06B2A237845005B8F3F /* StoreConfig.swift in Sources */ = {isa = PBXBuildFile; fileRef = 4552D02F2A236FAD005B8F3F /* StoreConfig.swift */; };
		4552D06C2A237845005B8F3F /* CommonConfig.swift in Sources */ = {isa = PBXBuildFile; fileRef = 4552D02E2A236FAD005B8F3F /* CommonConfig.swift */; };
		4552D06E2A237892005B8F3F /* Screenshots.swift in Sources */ = {isa = PBXBuildFile; fileRef = 4552D06D2A237892005B8F3F /* Screenshots.swift */; };
		610F54EE26158DDB001D3AA0 /* AppTabNavigation.swift in Sources */ = {isa = PBXBuildFile; fileRef = 611716C72469DF41000FFDD9 /* AppTabNavigation.swift */; };
		610F54FE26158DDB001D3AA0 /* Assets.xcassets in Resources */ = {isa = PBXBuildFile; fileRef = 5E6123FF244E8B32004DDFF7 /* Assets.xcassets */; };
		61A8CB8A26166F2A002845E4 /* Model.swift in Sources */ = {isa = PBXBuildFile; fileRef = 61A8CB8926166F2A002845E4 /* Model.swift */; };
		A3C268EE262FE0030093B9DF /* Localizable.strings in Resources */ = {isa = PBXBuildFile; fileRef = A3C268F5262FE0030093B9DF /* Localizable.strings */; };
		A3C268F7262FE0060093B9DF /* Localizable.stringsdict in Resources */ = {isa = PBXBuildFile; fileRef = A3C268FE262FE0060093B9DF /* Localizable.stringsdict */; };
		A3C26908262FE1020093B9DF /* InfoPlist.strings in Resources */ = {isa = PBXBuildFile; fileRef = A3C2690F262FE1020093B9DF /* InfoPlist.strings */; };
		A3DC6E3B2657241A008724A1 /* Ingredients.strings in Resources */ = {isa = PBXBuildFile; fileRef = A3DC6E392657241A008724A1 /* Ingredients.strings */; };
/* End PBXBuildFile section */

/* Begin PBXContainerItemProxy section */
		4552D0442A2374C2005B8F3F /* PBXContainerItemProxy */ = {
			isa = PBXContainerItemProxy;
			containerPortal = 5E6123F8244E8B32004DDFF7 /* Project object */;
			proxyType = 1;
			remoteGlobalIDString = 610F54C626158DDB001D3AA0;
			remoteInfo = "Fruta iOS";
		};
/* End PBXContainerItemProxy section */

/* Begin PBXCopyFilesBuildPhase section */
		610F550226158DDB001D3AA0 /* Embed Frameworks */ = {
			isa = PBXCopyFilesBuildPhase;
			buildActionMask = 2147483647;
			dstPath = "";
			dstSubfolderSpec = 10;
			files = (
			);
			name = "Embed Frameworks";
			runOnlyForDeploymentPostprocessing = 0;
		};
		610F556426158E0B001D3AA0 /* Embed App Extensions */ = {
			isa = PBXCopyFilesBuildPhase;
			buildActionMask = 2147483647;
			dstPath = "";
			dstSubfolderSpec = 13;
			files = (
			);
			name = "Embed App Extensions";
			runOnlyForDeploymentPostprocessing = 0;
		};
		612F3D972615A2F600137D77 /* Embed App Clips */ = {
			isa = PBXCopyFilesBuildPhase;
			buildActionMask = 2147483647;
			dstPath = "$(CONTENTS_FOLDER_PATH)/AppClips";
			dstSubfolderSpec = 16;
			files = (
			);
			name = "Embed App Clips";
			runOnlyForDeploymentPostprocessing = 0;
		};
/* End PBXCopyFilesBuildPhase section */

/* Begin PBXFileReference section */
		33BFC6A1DCA101BFABE069E5 /* LICENSE.txt */ = {isa = PBXFileReference; includeInIndex = 1; lastKnownFileType = text; path = LICENSE.txt; sourceTree = "<group>"; };
		4552CF9F2A235FE5005B8F3F /* iOS Extended.entitlements */ = {isa = PBXFileReference; lastKnownFileType = text.plist.entitlements; path = "iOS Extended.entitlements"; sourceTree = "<group>"; };
		4552CFA12A236466005B8F3F /* OrderModel.swift */ = {isa = PBXFileReference; fileEncoding = 4; lastKnownFileType = sourcecode.swift; path = OrderModel.swift; sourceTree = "<group>"; };
		4552CFA22A236466005B8F3F /* StoreModel.swift */ = {isa = PBXFileReference; fileEncoding = 4; lastKnownFileType = sourcecode.swift; path = StoreModel.swift; sourceTree = "<group>"; };
		4552CFA32A236466005B8F3F /* AccountModel.swift */ = {isa = PBXFileReference; fileEncoding = 4; lastKnownFileType = sourcecode.swift; path = AccountModel.swift; sourceTree = "<group>"; };
		4552CFA42A236466005B8F3F /* SearchModel.swift */ = {isa = PBXFileReference; fileEncoding = 4; lastKnownFileType = sourcecode.swift; path = SearchModel.swift; sourceTree = "<group>"; };
		4552CFA52A236466005B8F3F /* FavoriteSmoothiesModel.swift */ = {isa = PBXFileReference; fileEncoding = 4; lastKnownFileType = sourcecode.swift; path = FavoriteSmoothiesModel.swift; sourceTree = "<group>"; };
		4552CFAC2A236853005B8F3F /* FrutaApp.swift */ = {isa = PBXFileReference; fileEncoding = 4; lastKnownFileType = sourcecode.swift; path = FrutaApp.swift; sourceTree = "<group>"; };
		4552CFAE2A236853005B8F3F /* SmoothieRow.swift */ = {isa = PBXFileReference; fileEncoding = 4; lastKnownFileType = sourcecode.swift; path = SmoothieRow.swift; sourceTree = "<group>"; };
		4552CFAF2A236853005B8F3F /* SmoothieView.swift */ = {isa = PBXFileReference; fileEncoding = 4; lastKnownFileType = sourcecode.swift; path = SmoothieView.swift; sourceTree = "<group>"; };
		4552CFB02A236853005B8F3F /* SmoothieList.swift */ = {isa = PBXFileReference; fileEncoding = 4; lastKnownFileType = sourcecode.swift; path = SmoothieList.swift; sourceTree = "<group>"; };
		4552CFB22A236853005B8F3F /* SmoothieFavoriteButton.swift */ = {isa = PBXFileReference; fileEncoding = 4; lastKnownFileType = sourcecode.swift; path = SmoothieFavoriteButton.swift; sourceTree = "<group>"; };
		4552CFB32A236853005B8F3F /* SmoothieHeaderView.swift */ = {isa = PBXFileReference; fileEncoding = 4; lastKnownFileType = sourcecode.swift; path = SmoothieHeaderView.swift; sourceTree = "<group>"; };
		4552CFB42A236853005B8F3F /* SmoothieCommands.swift */ = {isa = PBXFileReference; fileEncoding = 4; lastKnownFileType = sourcecode.swift; path = SmoothieCommands.swift; sourceTree = "<group>"; };
		4552CFB52A236853005B8F3F /* RedeemSmoothieButton.swift */ = {isa = PBXFileReference; fileEncoding = 4; lastKnownFileType = sourcecode.swift; path = RedeemSmoothieButton.swift; sourceTree = "<group>"; };
		4552CFB62A236853005B8F3F /* Smoothie+SwiftUI.swift */ = {isa = PBXFileReference; fileEncoding = 4; lastKnownFileType = sourcecode.swift; path = "Smoothie+SwiftUI.swift"; sourceTree = "<group>"; };
		4552CFB82A236853005B8F3F /* Ingredient+SwiftUI.swift */ = {isa = PBXFileReference; fileEncoding = 4; lastKnownFileType = sourcecode.swift; path = "Ingredient+SwiftUI.swift"; sourceTree = "<group>"; };
		4552CFB92A236853005B8F3F /* Ingredient+NutritionFacts.swift */ = {isa = PBXFileReference; fileEncoding = 4; lastKnownFileType = sourcecode.swift; path = "Ingredient+NutritionFacts.swift"; sourceTree = "<group>"; };
		4552CFBB2A236853005B8F3F /* NutritionFactView.swift */ = {isa = PBXFileReference; fileEncoding = 4; lastKnownFileType = sourcecode.swift; path = NutritionFactView.swift; sourceTree = "<group>"; };
		4552CFBC2A236853005B8F3F /* NutritionFact+Decodable.swift */ = {isa = PBXFileReference; fileEncoding = 4; lastKnownFileType = sourcecode.swift; path = "NutritionFact+Decodable.swift"; sourceTree = "<group>"; };
		4552CFBD2A236853005B8F3F /* NutritionRow.swift */ = {isa = PBXFileReference; fileEncoding = 4; lastKnownFileType = sourcecode.swift; path = NutritionRow.swift; sourceTree = "<group>"; };
		4552CFBF2A236853005B8F3F /* NutritionalItems.json */ = {isa = PBXFileReference; fileEncoding = 4; lastKnownFileType = text.json; path = NutritionalItems.json; sourceTree = "<group>"; };
		4552CFC02A236853005B8F3F /* NutritionFactsAssets.xcassets */ = {isa = PBXFileReference; lastKnownFileType = folder.assetcatalog; path = NutritionFactsAssets.xcassets; sourceTree = "<group>"; };
		4552CFC12A236853005B8F3F /* NutritionFact+Energy.swift */ = {isa = PBXFileReference; fileEncoding = 4; lastKnownFileType = sourcecode.swift; path = "NutritionFact+Energy.swift"; sourceTree = "<group>"; };
		4552CFC22A236853005B8F3F /* Nutritions.swift */ = {isa = PBXFileReference; fileEncoding = 4; lastKnownFileType = sourcecode.swift; path = Nutritions.swift; sourceTree = "<group>"; };
		4552CFC32A236853005B8F3F /* NutritionFact.swift */ = {isa = PBXFileReference; fileEncoding = 4; lastKnownFileType = sourcecode.swift; path = NutritionFact.swift; sourceTree = "<group>"; };
		4552CFC42A236853005B8F3F /* UnitIcons.swift */ = {isa = PBXFileReference; fileEncoding = 4; lastKnownFileType = sourcecode.swift; path = UnitIcons.swift; sourceTree = "<group>"; };
		4552CFC52A236853005B8F3F /* DisplayableMeasurement.swift */ = {isa = PBXFileReference; fileEncoding = 4; lastKnownFileType = sourcecode.swift; path = DisplayableMeasurement.swift; sourceTree = "<group>"; };
		4552CFC62A236853005B8F3F /* IngredientCard.swift */ = {isa = PBXFileReference; fileEncoding = 4; lastKnownFileType = sourcecode.swift; path = IngredientCard.swift; sourceTree = "<group>"; };
		4552CFC72A236853005B8F3F /* IngredientGraphic.swift */ = {isa = PBXFileReference; fileEncoding = 4; lastKnownFileType = sourcecode.swift; path = IngredientGraphic.swift; sourceTree = "<group>"; };
		4552CFC92A236853005B8F3F /* OrderPlacedView.swift */ = {isa = PBXFileReference; fileEncoding = 4; lastKnownFileType = sourcecode.swift; path = OrderPlacedView.swift; sourceTree = "<group>"; };
		4552CFCA2A236853005B8F3F /* OrderPlacedViewModel.swift */ = {isa = PBXFileReference; fileEncoding = 4; lastKnownFileType = sourcecode.swift; path = OrderPlacedViewModel.swift; sourceTree = "<group>"; };
		4552CFCB2A236853005B8F3F /* PaymentButton.swift */ = {isa = PBXFileReference; fileEncoding = 4; lastKnownFileType = sourcecode.swift; path = PaymentButton.swift; sourceTree = "<group>"; };
		4552CFCC2A236853005B8F3F /* SmoothieListViewModel.swift */ = {isa = PBXFileReference; fileEncoding = 4; lastKnownFileType = sourcecode.swift; path = SmoothieListViewModel.swift; sourceTree = "<group>"; };
		4552CFCE2A236853005B8F3F /* FavoriteSmoothies.swift */ = {isa = PBXFileReference; fileEncoding = 4; lastKnownFileType = sourcecode.swift; path = FavoriteSmoothies.swift; sourceTree = "<group>"; };
		4552CFD02A236853005B8F3F /* RewardsCard.swift */ = {isa = PBXFileReference; fileEncoding = 4; lastKnownFileType = sourcecode.swift; path = RewardsCard.swift; sourceTree = "<group>"; };
		4552CFD12A236853005B8F3F /* RewardsViewModel.swift */ = {isa = PBXFileReference; fileEncoding = 4; lastKnownFileType = sourcecode.swift; path = RewardsViewModel.swift; sourceTree = "<group>"; };
		4552CFD22A236853005B8F3F /* RewardsView.swift */ = {isa = PBXFileReference; fileEncoding = 4; lastKnownFileType = sourcecode.swift; path = RewardsView.swift; sourceTree = "<group>"; };
		4552CFD42A236853005B8F3F /* AppSidebarNavigation.swift */ = {isa = PBXFileReference; fileEncoding = 4; lastKnownFileType = sourcecode.swift; path = AppSidebarNavigation.swift; sourceTree = "<group>"; };
		4552CFD52A236853005B8F3F /* ContentView.swift */ = {isa = PBXFileReference; fileEncoding = 4; lastKnownFileType = sourcecode.swift; path = ContentView.swift; sourceTree = "<group>"; };
		4552CFD72A236853005B8F3F /* CircleToggleStyle.swift */ = {isa = PBXFileReference; fileEncoding = 4; lastKnownFileType = sourcecode.swift; path = CircleToggleStyle.swift; sourceTree = "<group>"; };
		4552CFD82A236853005B8F3F /* Animations.swift */ = {isa = PBXFileReference; fileEncoding = 4; lastKnownFileType = sourcecode.swift; path = Animations.swift; sourceTree = "<group>"; };
		4552CFD92A236853005B8F3F /* SquishableButtonStyle.swift */ = {isa = PBXFileReference; fileEncoding = 4; lastKnownFileType = sourcecode.swift; path = SquishableButtonStyle.swift; sourceTree = "<group>"; };
		4552CFDA2A236853005B8F3F /* CapsuleButtonStyle.swift */ = {isa = PBXFileReference; fileEncoding = 4; lastKnownFileType = sourcecode.swift; path = CapsuleButtonStyle.swift; sourceTree = "<group>"; };
		4552CFDB2A236853005B8F3F /* PurchaseButtonStyle.swift */ = {isa = PBXFileReference; fileEncoding = 4; lastKnownFileType = sourcecode.swift; path = PurchaseButtonStyle.swift; sourceTree = "<group>"; };
		4552CFDD2A236853005B8F3F /* BubbleBackground.swift */ = {isa = PBXFileReference; fileEncoding = 4; lastKnownFileType = sourcecode.swift; path = BubbleBackground.swift; sourceTree = "<group>"; };
		4552CFDE2A236853005B8F3F /* StepperView.swift */ = {isa = PBXFileReference; fileEncoding = 4; lastKnownFileType = sourcecode.swift; path = StepperView.swift; sourceTree = "<group>"; };
		4552CFDF2A236853005B8F3F /* FlipView.swift */ = {isa = PBXFileReference; fileEncoding = 4; lastKnownFileType = sourcecode.swift; path = FlipView.swift; sourceTree = "<group>"; };
		4552CFE02A236853005B8F3F /* BubbleView.swift */ = {isa = PBXFileReference; fileEncoding = 4; lastKnownFileType = sourcecode.swift; path = BubbleView.swift; sourceTree = "<group>"; };
		4552CFE12A236853005B8F3F /* CountButton.swift */ = {isa = PBXFileReference; fileEncoding = 4; lastKnownFileType = sourcecode.swift; path = CountButton.swift; sourceTree = "<group>"; };
		4552CFE22A236853005B8F3F /* CardActionButton.swift */ = {isa = PBXFileReference; fileEncoding = 4; lastKnownFileType = sourcecode.swift; path = CardActionButton.swift; sourceTree = "<group>"; };
		4552CFE32A236853005B8F3F /* AnimatableFontModifier.swift */ = {isa = PBXFileReference; fileEncoding = 4; lastKnownFileType = sourcecode.swift; path = AnimatableFontModifier.swift; sourceTree = "<group>"; };
		4552CFE62A236853005B8F3F /* RecipeUnlockButton.swift */ = {isa = PBXFileReference; fileEncoding = 4; lastKnownFileType = sourcecode.swift; path = RecipeUnlockButton.swift; sourceTree = "<group>"; };
		4552CFE72A236853005B8F3F /* RecipeView.swift */ = {isa = PBXFileReference; fileEncoding = 4; lastKnownFileType = sourcecode.swift; path = RecipeView.swift; sourceTree = "<group>"; };
		4552CFE92A236853005B8F3F /* RecipeList.swift */ = {isa = PBXFileReference; fileEncoding = 4; lastKnownFileType = sourcecode.swift; path = RecipeList.swift; sourceTree = "<group>"; };
		4552CFEB2A236853005B8F3F /* SmoothieMenu.swift */ = {isa = PBXFileReference; fileEncoding = 4; lastKnownFileType = sourcecode.swift; path = SmoothieMenu.swift; sourceTree = "<group>"; };
		4552D01F2A236A52005B8F3F /* MeasurementView.swift */ = {isa = PBXFileReference; fileEncoding = 4; lastKnownFileType = sourcecode.swift; path = MeasurementView.swift; sourceTree = "<group>"; };
		4552D0202A236A52005B8F3F /* MeasuredIngredient.swift */ = {isa = PBXFileReference; fileEncoding = 4; lastKnownFileType = sourcecode.swift; path = MeasuredIngredient.swift; sourceTree = "<group>"; };
		4552D0242A236B03005B8F3F /* Smoothie.swift */ = {isa = PBXFileReference; fileEncoding = 4; lastKnownFileType = sourcecode.swift; path = Smoothie.swift; sourceTree = "<group>"; };
		4552D0252A236B03005B8F3F /* Ingredient.swift */ = {isa = PBXFileReference; fileEncoding = 4; lastKnownFileType = sourcecode.swift; path = Ingredient.swift; sourceTree = "<group>"; };
		4552D0292A236FAD005B8F3F /* FavoriteSmoothiesModelConfigurable.swift */ = {isa = PBXFileReference; fileEncoding = 4; lastKnownFileType = sourcecode.swift; path = FavoriteSmoothiesModelConfigurable.swift; sourceTree = "<group>"; };
		4552D02A2A236FAD005B8F3F /* OrderModelConfigurable.swift */ = {isa = PBXFileReference; fileEncoding = 4; lastKnownFileType = sourcecode.swift; path = OrderModelConfigurable.swift; sourceTree = "<group>"; };
		4552D02B2A236FAD005B8F3F /* StoreModelConfigurable.swift */ = {isa = PBXFileReference; fileEncoding = 4; lastKnownFileType = sourcecode.swift; path = StoreModelConfigurable.swift; sourceTree = "<group>"; };
		4552D02C2A236FAD005B8F3F /* ConfigurationManager.swift */ = {isa = PBXFileReference; fileEncoding = 4; lastKnownFileType = sourcecode.swift; path = ConfigurationManager.swift; sourceTree = "<group>"; };
		4552D02E2A236FAD005B8F3F /* CommonConfig.swift */ = {isa = PBXFileReference; fileEncoding = 4; lastKnownFileType = sourcecode.swift; path = CommonConfig.swift; sourceTree = "<group>"; };
		4552D02F2A236FAD005B8F3F /* StoreConfig.swift */ = {isa = PBXFileReference; fileEncoding = 4; lastKnownFileType = sourcecode.swift; path = StoreConfig.swift; sourceTree = "<group>"; };
		4552D0302A236FAD005B8F3F /* AccountConfig.swift */ = {isa = PBXFileReference; fileEncoding = 4; lastKnownFileType = sourcecode.swift; path = AccountConfig.swift; sourceTree = "<group>"; };
		4552D0312A236FAD005B8F3F /* AccountModelConfigurable.swift */ = {isa = PBXFileReference; fileEncoding = 4; lastKnownFileType = sourcecode.swift; path = AccountModelConfigurable.swift; sourceTree = "<group>"; };
		4552D03E2A2374C2005B8F3F /* FrutaScreenshotsTests.xctest */ = {isa = PBXFileReference; explicitFileType = wrapper.cfbundle; includeInIndex = 0; path = FrutaScreenshotsTests.xctest; sourceTree = BUILT_PRODUCTS_DIR; };
		4552D0402A2374C2005B8F3F /* FrutaScreenshotsTests.swift */ = {isa = PBXFileReference; lastKnownFileType = sourcecode.swift; path = FrutaScreenshotsTests.swift; sourceTree = "<group>"; };
		4552D0492A2375BD005B8F3F /* FrutaScreenshotsTests.xctestplan */ = {isa = PBXFileReference; lastKnownFileType = text; path = FrutaScreenshotsTests.xctestplan; sourceTree = "<group>"; };
		4552D04B2A2376C3005B8F3F /* XCUIElement+Utils.swift */ = {isa = PBXFileReference; fileEncoding = 4; lastKnownFileType = sourcecode.swift; path = "XCUIElement+Utils.swift"; sourceTree = "<group>"; };
		4552D04C2A2376C3005B8F3F /* XCTestCase+Screenshot.swift */ = {isa = PBXFileReference; fileEncoding = 4; lastKnownFileType = sourcecode.swift; path = "XCTestCase+Screenshot.swift"; sourceTree = "<group>"; };
		4552D04E2A2376C3005B8F3F /* FavoritesNavigation.swift */ = {isa = PBXFileReference; fileEncoding = 4; lastKnownFileType = sourcecode.swift; path = FavoritesNavigation.swift; sourceTree = "<group>"; };
		4552D04F2A2376C3005B8F3F /* CommonNavigation.swift */ = {isa = PBXFileReference; fileEncoding = 4; lastKnownFileType = sourcecode.swift; path = CommonNavigation.swift; sourceTree = "<group>"; };
		4552D0502A2376C3005B8F3F /* MenuNavigation.swift */ = {isa = PBXFileReference; fileEncoding = 4; lastKnownFileType = sourcecode.swift; path = MenuNavigation.swift; sourceTree = "<group>"; };
		4552D0512A2376C3005B8F3F /* TabBarNavigation.swift */ = {isa = PBXFileReference; fileEncoding = 4; lastKnownFileType = sourcecode.swift; path = TabBarNavigation.swift; sourceTree = "<group>"; };
		4552D0522A2376C3005B8F3F /* UINavigation.swift */ = {isa = PBXFileReference; fileEncoding = 4; lastKnownFileType = sourcecode.swift; path = UINavigation.swift; sourceTree = "<group>"; };
		4552D0532A2376C3005B8F3F /* RecipesNavigation.swift */ = {isa = PBXFileReference; fileEncoding = 4; lastKnownFileType = sourcecode.swift; path = RecipesNavigation.swift; sourceTree = "<group>"; };
		4552D0542A2376C3005B8F3F /* RewardsNavigation.swift */ = {isa = PBXFileReference; fileEncoding = 4; lastKnownFileType = sourcecode.swift; path = RewardsNavigation.swift; sourceTree = "<group>"; };
		4552D0562A2376C3005B8F3F /* CommonAction.swift */ = {isa = PBXFileReference; fileEncoding = 4; lastKnownFileType = sourcecode.swift; path = CommonAction.swift; sourceTree = "<group>"; };
		4552D0572A2376C3005B8F3F /* RecipeAction.swift */ = {isa = PBXFileReference; fileEncoding = 4; lastKnownFileType = sourcecode.swift; path = RecipeAction.swift; sourceTree = "<group>"; };
		4552D0582A2376C3005B8F3F /* UIAction.swift */ = {isa = PBXFileReference; fileEncoding = 4; lastKnownFileType = sourcecode.swift; path = UIAction.swift; sourceTree = "<group>"; };
		4552D0592A2376C3005B8F3F /* OrderAction.swift */ = {isa = PBXFileReference; fileEncoding = 4; lastKnownFileType = sourcecode.swift; path = OrderAction.swift; sourceTree = "<group>"; };
		4552D05A2A2376C3005B8F3F /* TestedApp.swift */ = {isa = PBXFileReference; fileEncoding = 4; lastKnownFileType = sourcecode.swift; path = TestedApp.swift; sourceTree = "<group>"; };
		4552D06D2A237892005B8F3F /* Screenshots.swift */ = {isa = PBXFileReference; fileEncoding = 4; lastKnownFileType = sourcecode.swift; path = Screenshots.swift; sourceTree = "<group>"; };
		5E6123FF244E8B32004DDFF7 /* Assets.xcassets */ = {isa = PBXFileReference; lastKnownFileType = folder.assetcatalog; path = Assets.xcassets; sourceTree = "<group>"; };
		610F550626158DDB001D3AA0 /* Fruta iOS.app */ = {isa = PBXFileReference; explicitFileType = wrapper.application; includeInIndex = 0; path = "Fruta iOS.app"; sourceTree = BUILT_PRODUCTS_DIR; };
		6111A1E426157D870046AAA9 /* Configuration.storekit */ = {isa = PBXFileReference; lastKnownFileType = text; path = Configuration.storekit; sourceTree = "<group>"; };
		611716C72469DF41000FFDD9 /* AppTabNavigation.swift */ = {isa = PBXFileReference; lastKnownFileType = sourcecode.swift; path = AppTabNavigation.swift; sourceTree = "<group>"; };
		61A8CB8926166F2A002845E4 /* Model.swift */ = {isa = PBXFileReference; lastKnownFileType = sourcecode.swift; path = Model.swift; sourceTree = "<group>"; };
		7FC1AA3A24832F0200A6CF1F /* iOS.entitlements */ = {isa = PBXFileReference; lastKnownFileType = text.plist.entitlements; path = iOS.entitlements; sourceTree = "<group>"; };
		A3C268F4262FE0030093B9DF /* en */ = {isa = PBXFileReference; lastKnownFileType = text.plist.strings; name = en; path = en.lproj/Localizable.strings; sourceTree = "<group>"; };
		A3C268FD262FE0060093B9DF /* en */ = {isa = PBXFileReference; lastKnownFileType = text.plist.stringsdict; name = en; path = en.lproj/Localizable.stringsdict; sourceTree = "<group>"; };
		A3C2690E262FE1020093B9DF /* en */ = {isa = PBXFileReference; lastKnownFileType = text.plist.strings; name = en; path = en.lproj/InfoPlist.strings; sourceTree = "<group>"; };
		A3C269222630F6720093B9DF /* ru */ = {isa = PBXFileReference; lastKnownFileType = text.plist.strings; name = ru; path = ru.lproj/Localizable.strings; sourceTree = "<group>"; };
		A3C269232630F6720093B9DF /* ru */ = {isa = PBXFileReference; lastKnownFileType = text.plist.stringsdict; name = ru; path = ru.lproj/Localizable.stringsdict; sourceTree = "<group>"; };
		A3C269242630F6900093B9DF /* ru */ = {isa = PBXFileReference; lastKnownFileType = text.plist.strings; name = ru; path = ru.lproj/InfoPlist.strings; sourceTree = "<group>"; };
		A3DC6E3A2657241A008724A1 /* en */ = {isa = PBXFileReference; lastKnownFileType = text.plist.strings; name = en; path = en.lproj/Ingredients.strings; sourceTree = "<group>"; };
		A3DC6E4026572422008724A1 /* ru */ = {isa = PBXFileReference; lastKnownFileType = text.plist.strings; name = ru; path = ru.lproj/Ingredients.strings; sourceTree = "<group>"; };
		A594677E73BEF8AA1F7A859F /* ACKNOWLEDGMENTS.txt */ = {isa = PBXFileReference; includeInIndex = 1; lastKnownFileType = text; path = ACKNOWLEDGMENTS.txt; sourceTree = "<group>"; };
		C640196161A8E05832EA149C /* SampleCode.xcconfig */ = {isa = PBXFileReference; lastKnownFileType = text.xcconfig; name = SampleCode.xcconfig; path = Configuration/SampleCode.xcconfig; sourceTree = "<group>"; };
		E036C2ED2633B2B200E15D26 /* README.md */ = {isa = PBXFileReference; lastKnownFileType = net.daringfireball.markdown; path = README.md; sourceTree = "<group>"; };
/* End PBXFileReference section */

/* Begin PBXFrameworksBuildPhase section */
		4552D03B2A2374C2005B8F3F /* Frameworks */ = {
			isa = PBXFrameworksBuildPhase;
			buildActionMask = 2147483647;
			files = (
			);
			runOnlyForDeploymentPostprocessing = 0;
		};
		610F54FC26158DDB001D3AA0 /* Frameworks */ = {
			isa = PBXFrameworksBuildPhase;
			buildActionMask = 2147483647;
			files = (
			);
			runOnlyForDeploymentPostprocessing = 0;
		};
/* End PBXFrameworksBuildPhase section */

/* Begin PBXGroup section */
		3CAE0E9B584C983E4E90807D /* LICENSE */ = {
			isa = PBXGroup;
			children = (
				33BFC6A1DCA101BFABE069E5 /* LICENSE.txt */,
				A594677E73BEF8AA1F7A859F /* ACKNOWLEDGMENTS.txt */,
			);
			path = LICENSE;
			sourceTree = "<group>";
		};
		4552CFA02A236433005B8F3F /* Submodels */ = {
			isa = PBXGroup;
			children = (
				4552CFA32A236466005B8F3F /* AccountModel.swift */,
				4552CFA52A236466005B8F3F /* FavoriteSmoothiesModel.swift */,
				4552CFA12A236466005B8F3F /* OrderModel.swift */,
				4552CFA42A236466005B8F3F /* SearchModel.swift */,
				4552CFA22A236466005B8F3F /* StoreModel.swift */,
			);
			path = Submodels;
			sourceTree = "<group>";
		};
		4552CFAB2A236853005B8F3F /* UI */ = {
			isa = PBXGroup;
			children = (
				4552CFAC2A236853005B8F3F /* FrutaApp.swift */,
				4552CFAD2A236853005B8F3F /* SmoothieList */,
				4552CFCD2A236853005B8F3F /* FavSmoothies */,
				4552CFCF2A236853005B8F3F /* Rewards */,
				4552CFD32A236853005B8F3F /* Navigation */,
				4552CFD62A236853005B8F3F /* Styles */,
				4552CFDC2A236853005B8F3F /* Components */,
				4552CFE42A236853005B8F3F /* Recipes */,
				4552CFEA2A236853005B8F3F /* Menu */,
			);
			path = UI;
			sourceTree = "<group>";
		};
		4552CFAD2A236853005B8F3F /* SmoothieList */ = {
			isa = PBXGroup;
			children = (
				4552CFAE2A236853005B8F3F /* SmoothieRow.swift */,
				4552CFAF2A236853005B8F3F /* SmoothieView.swift */,
				4552CFB02A236853005B8F3F /* SmoothieList.swift */,
				4552CFB12A236853005B8F3F /* Smoothie */,
				4552CFB72A236853005B8F3F /* Ingredients */,
				4552CFC82A236853005B8F3F /* Orders */,
				4552CFCC2A236853005B8F3F /* SmoothieListViewModel.swift */,
			);
			path = SmoothieList;
			sourceTree = "<group>";
		};
		4552CFB12A236853005B8F3F /* Smoothie */ = {
			isa = PBXGroup;
			children = (
				4552CFB22A236853005B8F3F /* SmoothieFavoriteButton.swift */,
				4552CFB32A236853005B8F3F /* SmoothieHeaderView.swift */,
				4552CFB42A236853005B8F3F /* SmoothieCommands.swift */,
				4552CFB52A236853005B8F3F /* RedeemSmoothieButton.swift */,
				4552CFB62A236853005B8F3F /* Smoothie+SwiftUI.swift */,
			);
			path = Smoothie;
			sourceTree = "<group>";
		};
		4552CFB72A236853005B8F3F /* Ingredients */ = {
			isa = PBXGroup;
			children = (
				4552CFB82A236853005B8F3F /* Ingredient+SwiftUI.swift */,
				4552CFB92A236853005B8F3F /* Ingredient+NutritionFacts.swift */,
				4552CFBA2A236853005B8F3F /* NutritionFacts */,
				4552CFC62A236853005B8F3F /* IngredientCard.swift */,
				4552CFC72A236853005B8F3F /* IngredientGraphic.swift */,
			);
			path = Ingredients;
			sourceTree = "<group>";
		};
		4552CFBA2A236853005B8F3F /* NutritionFacts */ = {
			isa = PBXGroup;
			children = (
				4552CFBB2A236853005B8F3F /* NutritionFactView.swift */,
				4552CFBC2A236853005B8F3F /* NutritionFact+Decodable.swift */,
				4552CFBD2A236853005B8F3F /* NutritionRow.swift */,
				4552CFBE2A236853005B8F3F /* Resources */,
				4552CFC12A236853005B8F3F /* NutritionFact+Energy.swift */,
				4552CFC22A236853005B8F3F /* Nutritions.swift */,
				4552CFC32A236853005B8F3F /* NutritionFact.swift */,
				4552CFC42A236853005B8F3F /* UnitIcons.swift */,
				4552CFC52A236853005B8F3F /* DisplayableMeasurement.swift */,
			);
			path = NutritionFacts;
			sourceTree = "<group>";
		};
		4552CFBE2A236853005B8F3F /* Resources */ = {
			isa = PBXGroup;
			children = (
				4552CFBF2A236853005B8F3F /* NutritionalItems.json */,
				4552CFC02A236853005B8F3F /* NutritionFactsAssets.xcassets */,
			);
			path = Resources;
			sourceTree = "<group>";
		};
		4552CFC82A236853005B8F3F /* Orders */ = {
			isa = PBXGroup;
			children = (
				4552CFC92A236853005B8F3F /* OrderPlacedView.swift */,
				4552CFCA2A236853005B8F3F /* OrderPlacedViewModel.swift */,
				4552CFCB2A236853005B8F3F /* PaymentButton.swift */,
			);
			path = Orders;
			sourceTree = "<group>";
		};
		4552CFCD2A236853005B8F3F /* FavSmoothies */ = {
			isa = PBXGroup;
			children = (
				4552CFCE2A236853005B8F3F /* FavoriteSmoothies.swift */,
			);
			path = FavSmoothies;
			sourceTree = "<group>";
		};
		4552CFCF2A236853005B8F3F /* Rewards */ = {
			isa = PBXGroup;
			children = (
				4552CFD02A236853005B8F3F /* RewardsCard.swift */,
				4552CFD12A236853005B8F3F /* RewardsViewModel.swift */,
				4552CFD22A236853005B8F3F /* RewardsView.swift */,
			);
			path = Rewards;
			sourceTree = "<group>";
		};
		4552CFD32A236853005B8F3F /* Navigation */ = {
			isa = PBXGroup;
			children = (
				4552CFD42A236853005B8F3F /* AppSidebarNavigation.swift */,
				4552CFD52A236853005B8F3F /* ContentView.swift */,
			);
			path = Navigation;
			sourceTree = "<group>";
		};
		4552CFD62A236853005B8F3F /* Styles */ = {
			isa = PBXGroup;
			children = (
				4552CFD72A236853005B8F3F /* CircleToggleStyle.swift */,
				4552CFD82A236853005B8F3F /* Animations.swift */,
				4552CFD92A236853005B8F3F /* SquishableButtonStyle.swift */,
				4552CFDA2A236853005B8F3F /* CapsuleButtonStyle.swift */,
				4552CFDB2A236853005B8F3F /* PurchaseButtonStyle.swift */,
			);
			path = Styles;
			sourceTree = "<group>";
		};
		4552CFDC2A236853005B8F3F /* Components */ = {
			isa = PBXGroup;
			children = (
				4552CFDD2A236853005B8F3F /* BubbleBackground.swift */,
				4552CFDE2A236853005B8F3F /* StepperView.swift */,
				4552CFDF2A236853005B8F3F /* FlipView.swift */,
				4552CFE02A236853005B8F3F /* BubbleView.swift */,
				4552CFE12A236853005B8F3F /* CountButton.swift */,
				4552CFE22A236853005B8F3F /* CardActionButton.swift */,
				4552CFE32A236853005B8F3F /* AnimatableFontModifier.swift */,
			);
			path = Components;
			sourceTree = "<group>";
		};
		4552CFE42A236853005B8F3F /* Recipes */ = {
			isa = PBXGroup;
			children = (
				4552D0202A236A52005B8F3F /* MeasuredIngredient.swift */,
				4552D01F2A236A52005B8F3F /* MeasurementView.swift */,
				4552CFE62A236853005B8F3F /* RecipeUnlockButton.swift */,
				4552CFE72A236853005B8F3F /* RecipeView.swift */,
				4552CFE92A236853005B8F3F /* RecipeList.swift */,
			);
			path = Recipes;
			sourceTree = "<group>";
		};
		4552CFEA2A236853005B8F3F /* Menu */ = {
			isa = PBXGroup;
			children = (
				4552CFEB2A236853005B8F3F /* SmoothieMenu.swift */,
			);
			path = Menu;
			sourceTree = "<group>";
		};
		4552D0232A236B03005B8F3F /* Objects */ = {
			isa = PBXGroup;
			children = (
				4552D0242A236B03005B8F3F /* Smoothie.swift */,
				4552D0252A236B03005B8F3F /* Ingredient.swift */,
			);
			path = Objects;
			sourceTree = "<group>";
		};
		4552D0282A236FAD005B8F3F /* Configuration */ = {
			isa = PBXGroup;
			children = (
				4552D02C2A236FAD005B8F3F /* ConfigurationManager.swift */,
				4552D0312A236FAD005B8F3F /* AccountModelConfigurable.swift */,
				4552D0292A236FAD005B8F3F /* FavoriteSmoothiesModelConfigurable.swift */,
				4552D02A2A236FAD005B8F3F /* OrderModelConfigurable.swift */,
				4552D02B2A236FAD005B8F3F /* StoreModelConfigurable.swift */,
				4552D02D2A236FAD005B8F3F /* Configs */,
			);
			path = Configuration;
			sourceTree = "<group>";
		};
		4552D02D2A236FAD005B8F3F /* Configs */ = {
			isa = PBXGroup;
			children = (
				4552D02E2A236FAD005B8F3F /* CommonConfig.swift */,
				4552D02F2A236FAD005B8F3F /* StoreConfig.swift */,
				4552D0302A236FAD005B8F3F /* AccountConfig.swift */,
			);
			path = Configs;
			sourceTree = "<group>";
		};
		4552D03F2A2374C2005B8F3F /* FrutaScreenshotsTests */ = {
			isa = PBXGroup;
			children = (
				4552D0492A2375BD005B8F3F /* FrutaScreenshotsTests.xctestplan */,
				4552D0402A2374C2005B8F3F /* FrutaScreenshotsTests.swift */,
				4552D06D2A237892005B8F3F /* Screenshots.swift */,
			);
			path = FrutaScreenshotsTests;
			sourceTree = "<group>";
		};
		4552D04A2A2376C3005B8F3F /* UITestHelpers */ = {
			isa = PBXGroup;
			children = (
				4552D05A2A2376C3005B8F3F /* TestedApp.swift */,
				4552D04D2A2376C3005B8F3F /* UINavigation */,
				4552D0552A2376C3005B8F3F /* UIActions */,
				4552D04B2A2376C3005B8F3F /* XCUIElement+Utils.swift */,
				4552D04C2A2376C3005B8F3F /* XCTestCase+Screenshot.swift */,
			);
			path = UITestHelpers;
			sourceTree = "<group>";
		};
		4552D04D2A2376C3005B8F3F /* UINavigation */ = {
			isa = PBXGroup;
			children = (
				4552D04E2A2376C3005B8F3F /* FavoritesNavigation.swift */,
				4552D04F2A2376C3005B8F3F /* CommonNavigation.swift */,
				4552D0502A2376C3005B8F3F /* MenuNavigation.swift */,
				4552D0512A2376C3005B8F3F /* TabBarNavigation.swift */,
				4552D0522A2376C3005B8F3F /* UINavigation.swift */,
				4552D0532A2376C3005B8F3F /* RecipesNavigation.swift */,
				4552D0542A2376C3005B8F3F /* RewardsNavigation.swift */,
			);
			path = UINavigation;
			sourceTree = "<group>";
		};
		4552D0552A2376C3005B8F3F /* UIActions */ = {
			isa = PBXGroup;
			children = (
				4552D0562A2376C3005B8F3F /* CommonAction.swift */,
				4552D0572A2376C3005B8F3F /* RecipeAction.swift */,
				4552D0582A2376C3005B8F3F /* UIAction.swift */,
				4552D0592A2376C3005B8F3F /* OrderAction.swift */,
			);
			path = UIActions;
			sourceTree = "<group>";
		};
		5E6123F7244E8B32004DDFF7 = {
			isa = PBXGroup;
			children = (
				E036C2ED2633B2B200E15D26 /* README.md */,
				5E6123FC244E8B32004DDFF7 /* Shared */,
				5E612406244E8B32004DDFF7 /* iOS */,
				4552D03F2A2374C2005B8F3F /* FrutaScreenshotsTests */,
				4552D04A2A2376C3005B8F3F /* UITestHelpers */,
				5E612405244E8B32004DDFF7 /* Products */,
				CC6C0F7AEF2D0CBC2E3EEFD6 /* Configuration */,
				3CAE0E9B584C983E4E90807D /* LICENSE */,
			);
			indentWidth = 4;
			sourceTree = "<group>";
			tabWidth = 4;
		};
		5E6123FC244E8B32004DDFF7 /* Shared */ = {
			isa = PBXGroup;
			children = (
				4552CFAB2A236853005B8F3F /* UI */,
				6111A1E126157D870046AAA9 /* Model */,
				A3C268C0262FDAD50093B9DF /* Resources */,
			);
			path = Shared;
			sourceTree = "<group>";
		};
		5E612405244E8B32004DDFF7 /* Products */ = {
			isa = PBXGroup;
			children = (
				610F550626158DDB001D3AA0 /* Fruta iOS.app */,
				4552D03E2A2374C2005B8F3F /* FrutaScreenshotsTests.xctest */,
			);
			name = Products;
			sourceTree = "<group>";
		};
		5E612406244E8B32004DDFF7 /* iOS */ = {
			isa = PBXGroup;
			children = (
				611716C72469DF41000FFDD9 /* AppTabNavigation.swift */,
				7FC1AA3A24832F0200A6CF1F /* iOS.entitlements */,
				4552CF9F2A235FE5005B8F3F /* iOS Extended.entitlements */,
			);
			path = iOS;
			sourceTree = "<group>";
		};
		6111A1E126157D870046AAA9 /* Model */ = {
			isa = PBXGroup;
			children = (
				61A8CB8926166F2A002845E4 /* Model.swift */,
				4552CFA02A236433005B8F3F /* Submodels */,
				4552D0282A236FAD005B8F3F /* Configuration */,
				4552D0232A236B03005B8F3F /* Objects */,
				6111A1E426157D870046AAA9 /* Configuration.storekit */,
			);
			path = Model;
			sourceTree = "<group>";
		};
		A3C268C0262FDAD50093B9DF /* Resources */ = {
			isa = PBXGroup;
			children = (
				A3C268F5262FE0030093B9DF /* Localizable.strings */,
				A3C2690F262FE1020093B9DF /* InfoPlist.strings */,
				A3C268FE262FE0060093B9DF /* Localizable.stringsdict */,
				5E6123FF244E8B32004DDFF7 /* Assets.xcassets */,
				A3DC6E392657241A008724A1 /* Ingredients.strings */,
			);
			path = Resources;
			sourceTree = "<group>";
		};
		CC6C0F7AEF2D0CBC2E3EEFD6 /* Configuration */ = {
			isa = PBXGroup;
			children = (
				C640196161A8E05832EA149C /* SampleCode.xcconfig */,
			);
			name = Configuration;
			sourceTree = "<group>";
		};
/* End PBXGroup section */

/* Begin PBXNativeTarget section */
		4552D03D2A2374C2005B8F3F /* FrutaScreenshotsTests */ = {
			isa = PBXNativeTarget;
			buildConfigurationList = 4552D0462A2374C2005B8F3F /* Build configuration list for PBXNativeTarget "FrutaScreenshotsTests" */;
			buildPhases = (
				4552D03A2A2374C2005B8F3F /* Sources */,
				4552D03B2A2374C2005B8F3F /* Frameworks */,
				4552D03C2A2374C2005B8F3F /* Resources */,
			);
			buildRules = (
			);
			dependencies = (
				4552D0452A2374C2005B8F3F /* PBXTargetDependency */,
			);
			name = FrutaScreenshotsTests;
			productName = FrutaScreenshotsTests;
			productReference = 4552D03E2A2374C2005B8F3F /* FrutaScreenshotsTests.xctest */;
			productType = "com.apple.product-type.bundle.ui-testing";
		};
		610F54C626158DDB001D3AA0 /* Fruta iOS */ = {
			isa = PBXNativeTarget;
			buildConfigurationList = 610F550326158DDB001D3AA0 /* Build configuration list for PBXNativeTarget "Fruta iOS" */;
			buildPhases = (
				610F54C726158DDB001D3AA0 /* Sources */,
				610F54FC26158DDB001D3AA0 /* Frameworks */,
				610F54FD26158DDB001D3AA0 /* Resources */,
				610F550226158DDB001D3AA0 /* Embed Frameworks */,
				610F556426158E0B001D3AA0 /* Embed App Extensions */,
				612F3D972615A2F600137D77 /* Embed App Clips */,
			);
			buildRules = (
			);
			dependencies = (
			);
			name = "Fruta iOS";
			productName = "Smoothies iOS";
			productReference = 610F550626158DDB001D3AA0 /* Fruta iOS.app */;
			productType = "com.apple.product-type.application";
		};
/* End PBXNativeTarget section */

/* Begin PBXProject section */
		5E6123F8244E8B32004DDFF7 /* Project object */ = {
			isa = PBXProject;
			attributes = {
				DefaultBuildSystemTypeForWorkspace = Latest;
				LastSwiftUpdateCheck = 1430;
				LastUpgradeCheck = 1300;
				ORGANIZATIONNAME = Apple;
				TargetAttributes = {
					4552D03D2A2374C2005B8F3F = {
						CreatedOnToolsVersion = 14.3;
						TestTargetID = 610F54C626158DDB001D3AA0;
					};
				};
			};
			buildConfigurationList = 5E6123FB244E8B32004DDFF7 /* Build configuration list for PBXProject "Fruta" */;
			compatibilityVersion = "Xcode 9.3";
			developmentRegion = en;
			hasScannedForEncodings = 0;
			knownRegions = (
				en,
				Base,
				ru,
			);
			mainGroup = 5E6123F7244E8B32004DDFF7;
			productRefGroup = 5E612405244E8B32004DDFF7 /* Products */;
			projectDirPath = "";
			projectRoot = "";
			targets = (
				610F54C626158DDB001D3AA0 /* Fruta iOS */,
				4552D03D2A2374C2005B8F3F /* FrutaScreenshotsTests */,
			);
		};
/* End PBXProject section */

/* Begin PBXResourcesBuildPhase section */
		4552D03C2A2374C2005B8F3F /* Resources */ = {
			isa = PBXResourcesBuildPhase;
			buildActionMask = 2147483647;
			files = (
			);
			runOnlyForDeploymentPostprocessing = 0;
		};
		610F54FD26158DDB001D3AA0 /* Resources */ = {
			isa = PBXResourcesBuildPhase;
			buildActionMask = 2147483647;
			files = (
				4552CFFA2A236853005B8F3F /* NutritionalItems.json in Resources */,
				A3DC6E3B2657241A008724A1 /* Ingredients.strings in Resources */,
				4552CFFB2A236853005B8F3F /* NutritionFactsAssets.xcassets in Resources */,
				A3C268EE262FE0030093B9DF /* Localizable.strings in Resources */,
				A3C26908262FE1020093B9DF /* InfoPlist.strings in Resources */,
				610F54FE26158DDB001D3AA0 /* Assets.xcassets in Resources */,
				A3C268F7262FE0060093B9DF /* Localizable.stringsdict in Resources */,
			);
			runOnlyForDeploymentPostprocessing = 0;
		};
/* End PBXResourcesBuildPhase section */

/* Begin PBXSourcesBuildPhase section */
		4552D03A2A2374C2005B8F3F /* Sources */ = {
			isa = PBXSourcesBuildPhase;
			buildActionMask = 2147483647;
			files = (
				4552D0622A2376C3005B8F3F /* RecipesNavigation.swift in Sources */,
				4552D06E2A237892005B8F3F /* Screenshots.swift in Sources */,
				4552D0602A2376C3005B8F3F /* TabBarNavigation.swift in Sources */,
				4552D0672A2376C3005B8F3F /* OrderAction.swift in Sources */,
				4552D06B2A237845005B8F3F /* StoreConfig.swift in Sources */,
				4552D0412A2374C2005B8F3F /* FrutaScreenshotsTests.swift in Sources */,
				4552D0642A2376C3005B8F3F /* CommonAction.swift in Sources */,
				4552D05C2A2376C3005B8F3F /* XCTestCase+Screenshot.swift in Sources */,
				4552D0612A2376C3005B8F3F /* UINavigation.swift in Sources */,
				4552D05B2A2376C3005B8F3F /* XCUIElement+Utils.swift in Sources */,
				4552D0692A23783B005B8F3F /* ConfigurationManager.swift in Sources */,
				4552D06C2A237845005B8F3F /* CommonConfig.swift in Sources */,
				4552D0632A2376C3005B8F3F /* RewardsNavigation.swift in Sources */,
				4552D05E2A2376C3005B8F3F /* CommonNavigation.swift in Sources */,
				4552D0682A2376C3005B8F3F /* TestedApp.swift in Sources */,
				4552D05F2A2376C3005B8F3F /* MenuNavigation.swift in Sources */,
				4552D06A2A237845005B8F3F /* AccountConfig.swift in Sources */,
				4552D0662A2376C3005B8F3F /* UIAction.swift in Sources */,
				4552D05D2A2376C3005B8F3F /* FavoritesNavigation.swift in Sources */,
				4552D0652A2376C3005B8F3F /* RecipeAction.swift in Sources */,
			);
			runOnlyForDeploymentPostprocessing = 0;
		};
		610F54C726158DDB001D3AA0 /* Sources */ = {
			isa = PBXSourcesBuildPhase;
			buildActionMask = 2147483647;
			files = (
				4552CFF92A236853005B8F3F /* NutritionRow.swift in Sources */,
				4552D0332A236FAD005B8F3F /* OrderModelConfigurable.swift in Sources */,
				4552CFF12A236853005B8F3F /* SmoothieHeaderView.swift in Sources */,
				4552CFAA2A236466005B8F3F /* FavoriteSmoothiesModel.swift in Sources */,
				4552D0262A236B03005B8F3F /* Smoothie.swift in Sources */,
				4552D00F2A236853005B8F3F /* SquishableButtonStyle.swift in Sources */,
				4552CFFF2A236853005B8F3F /* UnitIcons.swift in Sources */,
				4552D0172A236853005B8F3F /* CardActionButton.swift in Sources */,
				4552CFA92A236466005B8F3F /* SearchModel.swift in Sources */,
				4552CFA72A236466005B8F3F /* StoreModel.swift in Sources */,
				4552CFFE2A236853005B8F3F /* NutritionFact.swift in Sources */,
				4552CFF62A236853005B8F3F /* Ingredient+NutritionFacts.swift in Sources */,
				4552CFF42A236853005B8F3F /* Smoothie+SwiftUI.swift in Sources */,
				4552D00D2A236853005B8F3F /* CircleToggleStyle.swift in Sources */,
				4552D0072A236853005B8F3F /* FavoriteSmoothies.swift in Sources */,
				4552D0372A236FAD005B8F3F /* StoreConfig.swift in Sources */,
				4552D0112A236853005B8F3F /* PurchaseButtonStyle.swift in Sources */,
				4552CFF22A236853005B8F3F /* SmoothieCommands.swift in Sources */,
				4552D0132A236853005B8F3F /* StepperView.swift in Sources */,
				4552CFEC2A236853005B8F3F /* FrutaApp.swift in Sources */,
				4552CFF32A236853005B8F3F /* RedeemSmoothieButton.swift in Sources */,
				4552CFED2A236853005B8F3F /* SmoothieRow.swift in Sources */,
				4552D0392A236FAD005B8F3F /* AccountModelConfigurable.swift in Sources */,
				4552D0142A236853005B8F3F /* FlipView.swift in Sources */,
				4552D0042A236853005B8F3F /* OrderPlacedViewModel.swift in Sources */,
				4552D0272A236B03005B8F3F /* Ingredient.swift in Sources */,
				4552D0002A236853005B8F3F /* DisplayableMeasurement.swift in Sources */,
				4552CFF52A236853005B8F3F /* Ingredient+SwiftUI.swift in Sources */,
				4552D0362A236FAD005B8F3F /* CommonConfig.swift in Sources */,
				4552D00B2A236853005B8F3F /* AppSidebarNavigation.swift in Sources */,
				4552CFFD2A236853005B8F3F /* Nutritions.swift in Sources */,
				4552D01B2A236853005B8F3F /* RecipeView.swift in Sources */,
				4552CFA82A236466005B8F3F /* AccountModel.swift in Sources */,
				4552D0092A236853005B8F3F /* RewardsViewModel.swift in Sources */,
				4552D0382A236FAD005B8F3F /* AccountConfig.swift in Sources */,
				4552CFF82A236853005B8F3F /* NutritionFact+Decodable.swift in Sources */,
				4552D0082A236853005B8F3F /* RewardsCard.swift in Sources */,
				4552D0102A236853005B8F3F /* CapsuleButtonStyle.swift in Sources */,
				4552CFFC2A236853005B8F3F /* NutritionFact+Energy.swift in Sources */,
				4552D0122A236853005B8F3F /* BubbleBackground.swift in Sources */,
				61A8CB8A26166F2A002845E4 /* Model.swift in Sources */,
				4552D0212A236A52005B8F3F /* MeasurementView.swift in Sources */,
				610F54EE26158DDB001D3AA0 /* AppTabNavigation.swift in Sources */,
				4552D01E2A236853005B8F3F /* SmoothieMenu.swift in Sources */,
				4552D0342A236FAD005B8F3F /* StoreModelConfigurable.swift in Sources */,
				4552D0032A236853005B8F3F /* OrderPlacedView.swift in Sources */,
				4552CFF02A236853005B8F3F /* SmoothieFavoriteButton.swift in Sources */,
				4552D00C2A236853005B8F3F /* ContentView.swift in Sources */,
				4552CFF72A236853005B8F3F /* NutritionFactView.swift in Sources */,
				4552D0022A236853005B8F3F /* IngredientGraphic.swift in Sources */,
				4552D00A2A236853005B8F3F /* RewardsView.swift in Sources */,
				4552D0162A236853005B8F3F /* CountButton.swift in Sources */,
				4552D0052A236853005B8F3F /* PaymentButton.swift in Sources */,
				4552D01D2A236853005B8F3F /* RecipeList.swift in Sources */,
				4552D0062A236853005B8F3F /* SmoothieListViewModel.swift in Sources */,
				4552CFEF2A236853005B8F3F /* SmoothieList.swift in Sources */,
				4552D0352A236FAD005B8F3F /* ConfigurationManager.swift in Sources */,
				4552D0182A236853005B8F3F /* AnimatableFontModifier.swift in Sources */,
				4552CFEE2A236853005B8F3F /* SmoothieView.swift in Sources */,
				4552D0222A236A52005B8F3F /* MeasuredIngredient.swift in Sources */,
				4552D0152A236853005B8F3F /* BubbleView.swift in Sources */,
				4552D01A2A236853005B8F3F /* RecipeUnlockButton.swift in Sources */,
				4552D0012A236853005B8F3F /* IngredientCard.swift in Sources */,
				4552D0322A236FAD005B8F3F /* FavoriteSmoothiesModelConfigurable.swift in Sources */,
				4552D00E2A236853005B8F3F /* Animations.swift in Sources */,
				4552CFA62A236466005B8F3F /* OrderModel.swift in Sources */,
			);
			runOnlyForDeploymentPostprocessing = 0;
		};
/* End PBXSourcesBuildPhase section */

/* Begin PBXTargetDependency section */
		4552D0452A2374C2005B8F3F /* PBXTargetDependency */ = {
			isa = PBXTargetDependency;
			target = 610F54C626158DDB001D3AA0 /* Fruta iOS */;
			targetProxy = 4552D0442A2374C2005B8F3F /* PBXContainerItemProxy */;
		};
/* End PBXTargetDependency section */

/* Begin PBXVariantGroup section */
		A3C268F5262FE0030093B9DF /* Localizable.strings */ = {
			isa = PBXVariantGroup;
			children = (
				A3C268F4262FE0030093B9DF /* en */,
				A3C269222630F6720093B9DF /* ru */,
			);
			name = Localizable.strings;
			sourceTree = "<group>";
		};
		A3C268FE262FE0060093B9DF /* Localizable.stringsdict */ = {
			isa = PBXVariantGroup;
			children = (
				A3C268FD262FE0060093B9DF /* en */,
				A3C269232630F6720093B9DF /* ru */,
			);
			name = Localizable.stringsdict;
			sourceTree = "<group>";
		};
		A3C2690F262FE1020093B9DF /* InfoPlist.strings */ = {
			isa = PBXVariantGroup;
			children = (
				A3C2690E262FE1020093B9DF /* en */,
				A3C269242630F6900093B9DF /* ru */,
			);
			name = InfoPlist.strings;
			sourceTree = "<group>";
		};
		A3DC6E392657241A008724A1 /* Ingredients.strings */ = {
			isa = PBXVariantGroup;
			children = (
				A3DC6E3A2657241A008724A1 /* en */,
				A3DC6E4026572422008724A1 /* ru */,
			);
			name = Ingredients.strings;
			sourceTree = "<group>";
		};
/* End PBXVariantGroup section */

/* Begin XCBuildConfiguration section */
		4552D0472A2374C2005B8F3F /* Debug */ = {
			isa = XCBuildConfiguration;
			buildSettings = {
				CLANG_CXX_LANGUAGE_STANDARD = "gnu++20";
				CODE_SIGN_STYLE = Automatic;
				CURRENT_PROJECT_VERSION = 1;
				DEVELOPMENT_TEAM = 257K53Y7E4;
				GENERATE_INFOPLIST_FILE = YES;
				IPHONEOS_DEPLOYMENT_TARGET = 15.0;
				MARKETING_VERSION = 1.0;
				PRODUCT_BUNDLE_IDENTIFIER = com.tagheuer.FrutaScreenshotsTests;
				PRODUCT_NAME = "$(TARGET_NAME)";
				SDKROOT = iphoneos;
				SWIFT_EMIT_LOC_STRINGS = NO;
				SWIFT_VERSION = 5.0;
				TARGETED_DEVICE_FAMILY = "1,2";
				TEST_TARGET_NAME = "Fruta iOS";
			};
			name = Debug;
		};
		4552D0482A2374C2005B8F3F /* Release */ = {
			isa = XCBuildConfiguration;
			buildSettings = {
				CLANG_CXX_LANGUAGE_STANDARD = "gnu++20";
				CODE_SIGN_STYLE = Automatic;
				CURRENT_PROJECT_VERSION = 1;
				DEVELOPMENT_TEAM = 257K53Y7E4;
				GENERATE_INFOPLIST_FILE = YES;
				IPHONEOS_DEPLOYMENT_TARGET = 15.0;
				MARKETING_VERSION = 1.0;
				PRODUCT_BUNDLE_IDENTIFIER = com.tagheuer.FrutaScreenshotsTests;
				PRODUCT_NAME = "$(TARGET_NAME)";
				SDKROOT = iphoneos;
				SWIFT_EMIT_LOC_STRINGS = NO;
				SWIFT_VERSION = 5.0;
				TARGETED_DEVICE_FAMILY = "1,2";
				TEST_TARGET_NAME = "Fruta iOS";
				VALIDATE_PRODUCT = YES;
			};
			name = Release;
		};
		5E612416244E8B32004DDFF7 /* Debug */ = {
			isa = XCBuildConfiguration;
			baseConfigurationReference = C640196161A8E05832EA149C /* SampleCode.xcconfig */;
			buildSettings = {
				ALWAYS_SEARCH_USER_PATHS = NO;
				CLANG_ANALYZER_LOCALIZABILITY_NONLOCALIZED = YES;
				CLANG_ANALYZER_NONNULL = YES;
				CLANG_ANALYZER_NUMBER_OBJECT_CONVERSION = YES_AGGRESSIVE;
				CLANG_CXX_LANGUAGE_STANDARD = "gnu++14";
				CLANG_CXX_LIBRARY = "libc++";
				CLANG_ENABLE_MODULES = YES;
				CLANG_ENABLE_OBJC_ARC = YES;
				CLANG_ENABLE_OBJC_WEAK = YES;
				CLANG_WARN_BLOCK_CAPTURE_AUTORELEASING = YES;
				CLANG_WARN_BOOL_CONVERSION = YES;
				CLANG_WARN_COMMA = YES;
				CLANG_WARN_CONSTANT_CONVERSION = YES;
				CLANG_WARN_DEPRECATED_OBJC_IMPLEMENTATIONS = YES;
				CLANG_WARN_DIRECT_OBJC_ISA_USAGE = YES_ERROR;
				CLANG_WARN_DOCUMENTATION_COMMENTS = YES;
				CLANG_WARN_EMPTY_BODY = YES;
				CLANG_WARN_ENUM_CONVERSION = YES;
				CLANG_WARN_INFINITE_RECURSION = YES;
				CLANG_WARN_INT_CONVERSION = YES;
				CLANG_WARN_NON_LITERAL_NULL_CONVERSION = YES;
				CLANG_WARN_OBJC_IMPLICIT_RETAIN_SELF = YES;
				CLANG_WARN_OBJC_LITERAL_CONVERSION = YES;
				CLANG_WARN_OBJC_ROOT_CLASS = YES_ERROR;
				CLANG_WARN_QUOTED_INCLUDE_IN_FRAMEWORK_HEADER = YES;
				CLANG_WARN_RANGE_LOOP_ANALYSIS = YES;
				CLANG_WARN_STRICT_PROTOTYPES = YES;
				CLANG_WARN_SUSPICIOUS_MOVE = YES;
				CLANG_WARN_UNGUARDED_AVAILABILITY = YES_AGGRESSIVE;
				CLANG_WARN_UNREACHABLE_CODE = YES;
				CLANG_WARN__DUPLICATE_METHOD_MATCH = YES;
				COPY_PHASE_STRIP = NO;
				DEBUG_INFORMATION_FORMAT = dwarf;
				ENABLE_STRICT_OBJC_MSGSEND = YES;
				ENABLE_TESTABILITY = YES;
				GCC_C_LANGUAGE_STANDARD = gnu11;
				GCC_DYNAMIC_NO_PIC = NO;
				GCC_NO_COMMON_BLOCKS = YES;
				GCC_OPTIMIZATION_LEVEL = 0;
				GCC_PREPROCESSOR_DEFINITIONS = (
					"DEBUG=1",
					"$(inherited)",
				);
				GCC_WARN_64_TO_32_BIT_CONVERSION = YES;
				GCC_WARN_ABOUT_RETURN_TYPE = YES_ERROR;
				GCC_WARN_UNDECLARED_SELECTOR = YES;
				GCC_WARN_UNINITIALIZED_AUTOS = YES_AGGRESSIVE;
				GCC_WARN_UNUSED_FUNCTION = YES;
				GCC_WARN_UNUSED_VARIABLE = YES;
				GENERATE_INFOPLIST_FILE = YES;
				INFOPLIST_KEY_CFBundleDisplayName = Fruta;
				INFOPLIST_KEY_CFBundleName = Fruta;
				MTL_ENABLE_DEBUG_INFO = INCLUDE_SOURCE;
				MTL_FAST_MATH = YES;
				ONLY_ACTIVE_ARCH = YES;
				SWIFT_ACTIVE_COMPILATION_CONDITIONS = DEBUG;
				SWIFT_EMIT_LOC_STRINGS = YES;
				SWIFT_OPTIMIZATION_LEVEL = "-Onone";
			};
			name = Debug;
		};
		5E612417244E8B32004DDFF7 /* Release */ = {
			isa = XCBuildConfiguration;
			baseConfigurationReference = C640196161A8E05832EA149C /* SampleCode.xcconfig */;
			buildSettings = {
				ALWAYS_SEARCH_USER_PATHS = NO;
				CLANG_ANALYZER_LOCALIZABILITY_NONLOCALIZED = YES;
				CLANG_ANALYZER_NONNULL = YES;
				CLANG_ANALYZER_NUMBER_OBJECT_CONVERSION = YES_AGGRESSIVE;
				CLANG_CXX_LANGUAGE_STANDARD = "gnu++14";
				CLANG_CXX_LIBRARY = "libc++";
				CLANG_ENABLE_MODULES = YES;
				CLANG_ENABLE_OBJC_ARC = YES;
				CLANG_ENABLE_OBJC_WEAK = YES;
				CLANG_WARN_BLOCK_CAPTURE_AUTORELEASING = YES;
				CLANG_WARN_BOOL_CONVERSION = YES;
				CLANG_WARN_COMMA = YES;
				CLANG_WARN_CONSTANT_CONVERSION = YES;
				CLANG_WARN_DEPRECATED_OBJC_IMPLEMENTATIONS = YES;
				CLANG_WARN_DIRECT_OBJC_ISA_USAGE = YES_ERROR;
				CLANG_WARN_DOCUMENTATION_COMMENTS = YES;
				CLANG_WARN_EMPTY_BODY = YES;
				CLANG_WARN_ENUM_CONVERSION = YES;
				CLANG_WARN_INFINITE_RECURSION = YES;
				CLANG_WARN_INT_CONVERSION = YES;
				CLANG_WARN_NON_LITERAL_NULL_CONVERSION = YES;
				CLANG_WARN_OBJC_IMPLICIT_RETAIN_SELF = YES;
				CLANG_WARN_OBJC_LITERAL_CONVERSION = YES;
				CLANG_WARN_OBJC_ROOT_CLASS = YES_ERROR;
				CLANG_WARN_QUOTED_INCLUDE_IN_FRAMEWORK_HEADER = YES;
				CLANG_WARN_RANGE_LOOP_ANALYSIS = YES;
				CLANG_WARN_STRICT_PROTOTYPES = YES;
				CLANG_WARN_SUSPICIOUS_MOVE = YES;
				CLANG_WARN_UNGUARDED_AVAILABILITY = YES_AGGRESSIVE;
				CLANG_WARN_UNREACHABLE_CODE = YES;
				CLANG_WARN__DUPLICATE_METHOD_MATCH = YES;
				COPY_PHASE_STRIP = NO;
				DEBUG_INFORMATION_FORMAT = "dwarf-with-dsym";
				ENABLE_NS_ASSERTIONS = NO;
				ENABLE_STRICT_OBJC_MSGSEND = YES;
				GCC_C_LANGUAGE_STANDARD = gnu11;
				GCC_NO_COMMON_BLOCKS = YES;
				GCC_WARN_64_TO_32_BIT_CONVERSION = YES;
				GCC_WARN_ABOUT_RETURN_TYPE = YES_ERROR;
				GCC_WARN_UNDECLARED_SELECTOR = YES;
				GCC_WARN_UNINITIALIZED_AUTOS = YES_AGGRESSIVE;
				GCC_WARN_UNUSED_FUNCTION = YES;
				GCC_WARN_UNUSED_VARIABLE = YES;
				GENERATE_INFOPLIST_FILE = YES;
				INFOPLIST_KEY_CFBundleDisplayName = Fruta;
				INFOPLIST_KEY_CFBundleName = Fruta;
				MTL_ENABLE_DEBUG_INFO = NO;
				MTL_FAST_MATH = YES;
				SWIFT_COMPILATION_MODE = wholemodule;
				SWIFT_EMIT_LOC_STRINGS = YES;
				SWIFT_OPTIMIZATION_LEVEL = "-O";
			};
			name = Release;
		};
		610F550426158DDB001D3AA0 /* Debug */ = {
			isa = XCBuildConfiguration;
			baseConfigurationReference = C640196161A8E05832EA149C /* SampleCode.xcconfig */;
			buildSettings = {
				ALWAYS_EMBED_SWIFT_STANDARD_LIBRARIES = YES;
				ASSETCATALOG_COMPILER_APPICON_NAME = AppIcon;
				ASSETCATALOG_COMPILER_GLOBAL_ACCENT_COLOR_NAME = AccentColor;
				ASSETCATALOG_COMPILER_INCLUDE_ALL_APPICON_ASSETS = YES;
				CODE_SIGN_ENTITLEMENTS = "iOS/iOS Extended.entitlements";
				CODE_SIGN_STYLE = Automatic;
				CURRENT_PROJECT_VERSION = 1;
				DEVELOPMENT_TEAM = 257K53Y7E4;
				INFOPLIST_FILE = "iOS/Info-Extended.plist";
				INFOPLIST_KEY_CFBundleDisplayName = Fruta;
				INFOPLIST_KEY_UIApplicationSceneManifest_Generation = YES;
				INFOPLIST_KEY_UIApplicationSupportsIndirectInputEvents = YES;
				INFOPLIST_KEY_UILaunchScreen_Generation = YES;
				INFOPLIST_KEY_UISupportedInterfaceOrientations = UIInterfaceOrientationPortrait;
				INFOPLIST_KEY_UISupportedInterfaceOrientations_iPad = "UIInterfaceOrientationPortrait UIInterfaceOrientationPortraitUpsideDown UIInterfaceOrientationLandscapeLeft UIInterfaceOrientationLandscapeRight";
				IPHONEOS_DEPLOYMENT_TARGET = 15.0;
				LD_RUNPATH_SEARCH_PATHS = (
					"$(inherited)",
					"@executable_path/Frameworks",
				);
				MARKETING_VERSION = 2.0;
				OTHER_SWIFT_FLAGS = "-disallow-use-new-driver";
				PRODUCT_BUNDLE_IDENTIFIER = "com.example.apple-samplecode.fruta${SAMPLE_CODE_DISAMBIGUATOR}";
				PRODUCT_NAME = "$(TARGET_NAME)";
				PROVISIONING_PROFILE_SPECIFIER = "";
				SDKROOT = iphoneos;
				SWIFT_ACTIVE_COMPILATION_CONDITIONS = "EXTENDED DEBUG";
				SWIFT_VERSION = 5.0;
				TARGETED_DEVICE_FAMILY = "1,2";
			};
			name = Debug;
		};
		610F550526158DDB001D3AA0 /* Release */ = {
			isa = XCBuildConfiguration;
			baseConfigurationReference = C640196161A8E05832EA149C /* SampleCode.xcconfig */;
			buildSettings = {
				ALWAYS_EMBED_SWIFT_STANDARD_LIBRARIES = YES;
				ASSETCATALOG_COMPILER_APPICON_NAME = AppIcon;
				ASSETCATALOG_COMPILER_GLOBAL_ACCENT_COLOR_NAME = AccentColor;
				ASSETCATALOG_COMPILER_INCLUDE_ALL_APPICON_ASSETS = YES;
				CODE_SIGN_ENTITLEMENTS = "iOS/iOS Extended.entitlements";
				CODE_SIGN_STYLE = Automatic;
				CURRENT_PROJECT_VERSION = 1;
				DEVELOPMENT_TEAM = 257K53Y7E4;
				INFOPLIST_FILE = "iOS/Info-Extended.plist";
				INFOPLIST_KEY_CFBundleDisplayName = Fruta;
				INFOPLIST_KEY_UIApplicationSceneManifest_Generation = YES;
				INFOPLIST_KEY_UIApplicationSupportsIndirectInputEvents = YES;
				INFOPLIST_KEY_UILaunchScreen_Generation = YES;
				INFOPLIST_KEY_UISupportedInterfaceOrientations = UIInterfaceOrientationPortrait;
				INFOPLIST_KEY_UISupportedInterfaceOrientations_iPad = "UIInterfaceOrientationPortrait UIInterfaceOrientationPortraitUpsideDown UIInterfaceOrientationLandscapeLeft UIInterfaceOrientationLandscapeRight";
				IPHONEOS_DEPLOYMENT_TARGET = 15.0;
				LD_RUNPATH_SEARCH_PATHS = (
					"$(inherited)",
					"@executable_path/Frameworks",
				);
				MARKETING_VERSION = 2.0;
				OTHER_SWIFT_FLAGS = "-disallow-use-new-driver";
				PRODUCT_BUNDLE_IDENTIFIER = "com.example.apple-samplecode.fruta${SAMPLE_CODE_DISAMBIGUATOR}";
				PRODUCT_NAME = "$(TARGET_NAME)";
				PROVISIONING_PROFILE_SPECIFIER = "";
				SDKROOT = iphoneos;
				SWIFT_ACTIVE_COMPILATION_CONDITIONS = EXTENDED;
				SWIFT_VERSION = 5.0;
				TARGETED_DEVICE_FAMILY = "1,2";
				VALIDATE_PRODUCT = YES;
			};
			name = Release;
		};
/* End XCBuildConfiguration section */

/* Begin XCConfigurationList section */
		4552D0462A2374C2005B8F3F /* Build configuration list for PBXNativeTarget "FrutaScreenshotsTests" */ = {
			isa = XCConfigurationList;
			buildConfigurations = (
				4552D0472A2374C2005B8F3F /* Debug */,
				4552D0482A2374C2005B8F3F /* Release */,
			);
			defaultConfigurationIsVisible = 0;
			defaultConfigurationName = Release;
		};
		5E6123FB244E8B32004DDFF7 /* Build configuration list for PBXProject "Fruta" */ = {
			isa = XCConfigurationList;
			buildConfigurations = (
				5E612416244E8B32004DDFF7 /* Debug */,
				5E612417244E8B32004DDFF7 /* Release */,
			);
			defaultConfigurationIsVisible = 0;
			defaultConfigurationName = Release;
		};
		610F550326158DDB001D3AA0 /* Build configuration list for PBXNativeTarget "Fruta iOS" */ = {
			isa = XCConfigurationList;
			buildConfigurations = (
				610F550426158DDB001D3AA0 /* Debug */,
				610F550526158DDB001D3AA0 /* Release */,
			);
			defaultConfigurationIsVisible = 0;
			defaultConfigurationName = Release;
		};
/* End XCConfigurationList section */
	};
	rootObject = 5E6123F8244E8B32004DDFF7 /* Project object */;
}
